
Microsoft Visual Studio Solution File, Format Version 12.00
# Visual Studio Version 16
VisualStudioVersion = 16.0.29609.76
MinimumVisualStudioVersion = 10.0.40219.1
Project("{FAE04EC0-301F-11D3-BF4B-00C04F79EFBC}") = "SeaBattle1", "SeaBattle1\SeaBattle1.csproj", "{71A3453F-7884-4026-A06C-3550625E7FCF}"
EndProject
Global
	GlobalSection(SolutionConfigurationPlatforms) = preSolution
		Debug|Any CPU = Debug|Any CPU
		Release|Any CPU = Release|Any CPU
	EndGlobalSection
	GlobalSection(ProjectConfigurationPlatforms) = postSolution
		{71A3453F-7884-4026-A06C-3550625E7FCF}.Debug|Any CPU.ActiveCfg = Debug|Any CPU
		{71A3453F-7884-4026-A06C-3550625E7FCF}.Debug|Any CPU.Build.0 = Debug|Any CPU
		{71A3453F-7884-4026-A06C-3550625E7FCF}.Release|Any CPU.ActiveCfg = Release|Any CPU
		{71A3453F-7884-4026-A06C-3550625E7FCF}.Release|Any CPU.Build.0 = Release|Any CPU
	EndGlobalSection
	GlobalSection(SolutionProperties) = preSolution
		HideSolutionNode = FALSE
	EndGlobalSection
	GlobalSection(ExtensibilityGlobals) = postSolution
		SolutionGuid = {C1DAC0D5-5F62-46F6-9B32-5743F68CBF3E}
	EndGlobalSection
EndGlobal
